
Microsoft Visual Studio Solution File, Format Version 12.00
# Visual Studio 14
VisualStudioVersion = 14.0.25420.1
MinimumVisualStudioVersion = 10.0.40219.1
Project("{8BB2217D-0F2D-49D1-97BC-3654ED321F3B}") = "XDSDotNet", "XDSDotNet\XDSDotNet.xproj", "{2122616A-5C4B-470C-BC3D-273A67CBDE56}"
EndProject
Project("{8BB2217D-0F2D-49D1-97BC-3654ED321F3B}") = "XDSDotNet.Tests", "XDSDotNet.Tests\XDSDotNet.Tests.xproj", "{4360BFB8-E7F9-445E-94A5-A6BAD2E4235A}"
EndProject
Project("{2150E333-8FDC-42A3-9474-1A3956D46DE8}") = "Solution Items", "Solution Items", "{D783A98C-843D-4953-830E-6F93230A1F25}"
	ProjectSection(SolutionItems) = preProject
		README.md = README.md
	EndProjectSection
EndProject
Project("{8BB2217D-0F2D-49D1-97BC-3654ED321F3B}") = "XDSClient", "XDSClient\XDSClient.xproj", "{8763DC6B-D642-4742-9CB0-98DC2AA31F0E}"
EndProject
Global
	GlobalSection(SolutionConfigurationPlatforms) = preSolution
		Debug|Any CPU = Debug|Any CPU
		Release|Any CPU = Release|Any CPU
	EndGlobalSection
	GlobalSection(ProjectConfigurationPlatforms) = postSolution
		{2122616A-5C4B-470C-BC3D-273A67CBDE56}.Debug|Any CPU.ActiveCfg = Debug|Any CPU
		{2122616A-5C4B-470C-BC3D-273A67CBDE56}.Debug|Any CPU.Build.0 = Debug|Any CPU
		{2122616A-5C4B-470C-BC3D-273A67CBDE56}.Release|Any CPU.ActiveCfg = Release|Any CPU
		{2122616A-5C4B-470C-BC3D-273A67CBDE56}.Release|Any CPU.Build.0 = Release|Any CPU
		{4360BFB8-E7F9-445E-94A5-A6BAD2E4235A}.Debug|Any CPU.ActiveCfg = Debug|Any CPU
		{4360BFB8-E7F9-445E-94A5-A6BAD2E4235A}.Debug|Any CPU.Build.0 = Debug|Any CPU
		{4360BFB8-E7F9-445E-94A5-A6BAD2E4235A}.Release|Any CPU.ActiveCfg = Release|Any CPU
		{4360BFB8-E7F9-445E-94A5-A6BAD2E4235A}.Release|Any CPU.Build.0 = Release|Any CPU
		{8763DC6B-D642-4742-9CB0-98DC2AA31F0E}.Debug|Any CPU.ActiveCfg = Debug|Any CPU
		{8763DC6B-D642-4742-9CB0-98DC2AA31F0E}.Debug|Any CPU.Build.0 = Debug|Any CPU
		{8763DC6B-D642-4742-9CB0-98DC2AA31F0E}.Release|Any CPU.ActiveCfg = Release|Any CPU
		{8763DC6B-D642-4742-9CB0-98DC2AA31F0E}.Release|Any CPU.Build.0 = Release|Any CPU
	EndGlobalSection
	GlobalSection(SolutionProperties) = preSolution
		HideSolutionNode = FALSE
	EndGlobalSection
EndGlobal
